
Microsoft Visual Studio Solution File, Format Version 12.00
# Visual Studio Version 17
VisualStudioVersion = 17.11.35312.102
MinimumVisualStudioVersion = 10.0.40219.1
Project("{FAE04EC0-301F-11D3-BF4B-00C04F79EFBC}") = "SanThuongMaiG15", "SanThuongMaiG15\SanThuongMaiG15.csproj", "{D3F7045B-B994-4A68-A86B-978654C130F7}"
EndProject
Global
	GlobalSection(SolutionConfigurationPlatforms) = preSolution
		Debug|Any CPU = Debug|Any CPU
		Release|Any CPU = Release|Any CPU
	EndGlobalSection
	GlobalSection(ProjectConfigurationPlatforms) = postSolution
		{D3F7045B-B994-4A68-A86B-978654C130F7}.Debug|Any CPU.ActiveCfg = Debug|Any CPU
		{D3F7045B-B994-4A68-A86B-978654C130F7}.Debug|Any CPU.Build.0 = Debug|Any CPU
		{D3F7045B-B994-4A68-A86B-978654C130F7}.Release|Any CPU.ActiveCfg = Release|Any CPU
		{D3F7045B-B994-4A68-A86B-978654C130F7}.Release|Any CPU.Build.0 = Release|Any CPU
	EndGlobalSection
	GlobalSection(SolutionProperties) = preSolution
		HideSolutionNode = FALSE
	EndGlobalSection
	GlobalSection(ExtensibilityGlobals) = postSolution
		SolutionGuid = {D0EF5895-6604-483F-AD31-4740D14B0109}
	EndGlobalSection
EndGlobal
